// !$*UTF8*$!
{
	archiveVersion = 1;
	classes = {
	};
	objectVersion = 46;
	objects = {

/* Begin PBXBuildFile section */
		F072F0151D7ABC710070F668 /* main.cpp in Sources */ = {isa = PBXBuildFile; fileRef = F072F0141D7ABC710070F668 /* main.cpp */; };
		F072F01C1D7ABCBA0070F668 /* Cocoa.framework in Frameworks */ = {isa = PBXBuildFile; fileRef = F072F01B1D7ABCBA0070F668 /* Cocoa.framework */; };
		F072F01E1D7ABCBF0070F668 /* GLUT.framework in Frameworks */ = {isa = PBXBuildFile; fileRef = F072F01D1D7ABCBF0070F668 /* GLUT.framework */; };
		F072F0201D7ABCC50070F668 /* OpenGL.framework in Frameworks */ = {isa = PBXBuildFile; fileRef = F072F01F1D7ABCC50070F668 /* OpenGL.framework */; };
/* End PBXBuildFile section */

/* Begin PBXCopyFilesBuildPhase section */
		F072F00F1D7ABC710070F668 /* CopyFiles */ = {
			isa = PBXCopyFilesBuildPhase;
			buildActionMask = 2147483647;
			dstPath = /usr/share/man/man1/;
			dstSubfolderSpec = 0;
			files = (
			);
			runOnlyForDeploymentPostprocessing = 1;
		};
/* End PBXCopyFilesBuildPhase section */

/* Begin PBXFileReference section */
		F072F0111D7ABC710070F668 /* OpenGLHomeWork2 */ = {isa = PBXFileReference; explicitFileType = "compiled.mach-o.executable"; includeInIndex = 0; path = OpenGLHomeWork2; sourceTree = BUILT_PRODUCTS_DIR; };
		F072F0141D7ABC710070F668 /* main.cpp */ = {isa = PBXFileReference; lastKnownFileType = sourcecode.cpp.cpp; path = main.cpp; sourceTree = "<group>"; };
		F072F01B1D7ABCBA0070F668 /* Cocoa.framework */ = {isa = PBXFileReference; lastKnownFileType = wrapper.framework; name = Cocoa.framework; path = System/Library/Frameworks/Cocoa.framework; sourceTree = SDKROOT; };
		F072F01D1D7ABCBF0070F668 /* GLUT.framework */ = {isa = PBXFileReference; lastKnownFileType = wrapper.framework; name = GLUT.framework; path = System/Library/Frameworks/GLUT.framework; sourceTree = SDKROOT; };
		F072F01F1D7ABCC50070F668 /* OpenGL.framework */ = {isa = PBXFileReference; lastKnownFileType = wrapper.framework; name = OpenGL.framework; path = System/Library/Frameworks/OpenGL.framework; sourceTree = SDKROOT; };
/* End PBXFileReference section */

/* Begin PBXFrameworksBuildPhase section */
		F072F00E1D7ABC710070F668 /* Frameworks */ = {
			isa = PBXFrameworksBuildPhase;
			buildActionMask = 2147483647;
			files = (
				F072F0201D7ABCC50070F668 /* OpenGL.framework in Frameworks */,
				F072F01E1D7ABCBF0070F668 /* GLUT.framework in Frameworks */,
				F072F01C1D7ABCBA0070F668 /* Cocoa.framework in Frameworks */,
			);
			runOnlyForDeploymentPostprocessing = 0;
		};
/* End PBXFrameworksBuildPhase section */

/* Begin PBXGroup section */
		F072F0081D7ABC710070F668 = {
			isa = PBXGroup;
			children = (
				F072F01F1D7ABCC50070F668 /* OpenGL.framework */,
				F072F01D1D7ABCBF0070F668 /* GLUT.framework */,
				F072F01B1D7ABCBA0070F668 /* Cocoa.framework */,
				F072F0131D7ABC710070F668 /* OpenGLHomeWork2 */,
				F072F0121D7ABC710070F668 /* Products */,
			);
			sourceTree = "<group>";
		};
		F072F0121D7ABC710070F668 /* Products */ = {
			isa = PBXGroup;
			children = (
				F072F0111D7ABC710070F668 /* OpenGLHomeWork2 */,
			);
			name = Products;
			sourceTree = "<group>";
		};
		F072F0131D7ABC710070F668 /* OpenGLHomeWork2 */ = {
			isa = PBXGroup;
			children = (
				F072F0141D7ABC710070F668 /* main.cpp */,
			);
			path = OpenGLHomeWork2;
			sourceTree = "<group>";
		};
/* End PBXGroup section */

/* Begin PBXNativeTarget section */
		F072F0101D7ABC710070F668 /* OpenGLHomeWork2 */ = {
			isa = PBXNativeTarget;
			buildConfigurationList = F072F0181D7ABC710070F668 /* Build configuration list for PBXNativeTarget "OpenGLHomeWork2" */;
			buildPhases = (
				F072F00D1D7ABC710070F668 /* Sources */,
				F072F00E1D7ABC710070F668 /* Frameworks */,
				F072F00F1D7ABC710070F668 /* CopyFiles */,
			);
			buildRules = (
			);
			dependencies = (
			);
			name = OpenGLHomeWork2;
			productName = OpenGLHomeWork2;
			productReference = F072F0111D7ABC710070F668 /* OpenGLHomeWork2 */;
			productType = "com.apple.product-type.tool";
		};
/* End PBXNativeTarget section */

/* Begin PBXProject section */
		F072F0091D7ABC710070F668 /* Project object */ = {
			isa = PBXProject;
			attributes = {
				LastUpgradeCheck = 0730;
				ORGANIZATIONNAME = Wachirapong;
				TargetAttributes = {
					F072F0101D7ABC710070F668 = {
						CreatedOnToolsVersion = 7.3.1;
					};
				};
			};
			buildConfigurationList = F072F00C1D7ABC710070F668 /* Build configuration list for PBXProject "OpenGLHomeWork2" */;
			compatibilityVersion = "Xcode 3.2";
			developmentRegion = English;
			hasScannedForEncodings = 0;
			knownRegions = (
				en,
			);
			mainGroup = F072F0081D7ABC710070F668;
			productRefGroup = F072F0121D7ABC710070F668 /* Products */;
			projectDirPath = "";
			projectRoot = "";
			targets = (
				F072F0101D7ABC710070F668 /* OpenGLHomeWork2 */,
			);
		};
/* End PBXProject section */

/* Begin PBXSourcesBuildPhase section */
		F072F00D1D7ABC710070F668 /* Sources */ = {
			isa = PBXSourcesBuildPhase;
			buildActionMask = 2147483647;
			files = (
				F072F0151D7ABC710070F668 /* main.cpp in Sources */,
			);
			runOnlyForDeploymentPostprocessing = 0;
		};
/* End PBXSourcesBuildPhase section */

/* Begin XCBuildConfiguration section */
		F072F0161D7ABC710070F668 /* Debug */ = {
			isa = XCBuildConfiguration;
			buildSettings = {
				ALWAYS_SEARCH_USER_PATHS = NO;
				CLANG_ANALYZER_NONNULL = YES;
				CLANG_CXX_LANGUAGE_STANDARD = "gnu++0x";
				CLANG_CXX_LIBRARY = "libc++";
				CLANG_ENABLE_MODULES = YES;
				CLANG_ENABLE_OBJC_ARC = YES;
				CLANG_WARN_BOOL_CONVERSION = YES;
				CLANG_WARN_CONSTANT_CONVERSION = YES;
				CLANG_WARN_DIRECT_OBJC_ISA_USAGE = YES_ERROR;
				CLANG_WARN_EMPTY_BODY = YES;
				CLANG_WARN_ENUM_CONVERSION = YES;
				CLANG_WARN_INT_CONVERSION = YES;
				CLANG_WARN_OBJC_ROOT_CLASS = YES_ERROR;
				CLANG_WARN_UNREACHABLE_CODE = YES;
				CLANG_WARN__DUPLICATE_METHOD_MATCH = YES;
				CODE_SIGN_IDENTITY = "-";
				COPY_PHASE_STRIP = NO;
				DEBUG_INFORMATION_FORMAT = dwarf;
				ENABLE_STRICT_OBJC_MSGSEND = YES;
				ENABLE_TESTABILITY = YES;
				GCC_C_LANGUAGE_STANDARD = gnu99;
				GCC_DYNAMIC_NO_PIC = NO;
				GCC_NO_COMMON_BLOCKS = YES;
				GCC_OPTIMIZATION_LEVEL = 0;
				GCC_PREPROCESSOR_DEFINITIONS = (
					"DEBUG=1",
					"$(inherited)",
				);
				GCC_WARN_64_TO_32_BIT_CONVERSION = YES;
				GCC_WARN_ABOUT_RETURN_TYPE = YES_ERROR;
				GCC_WARN_UNDECLARED_SELECTOR = YES;
				GCC_WARN_UNINITIALIZED_AUTOS = YES_AGGRESSIVE;
				GCC_WARN_UNUSED_FUNCTION = YES;
				GCC_WARN_UNUSED_VARIABLE = YES;
				MACOSX_DEPLOYMENT_TARGET = 10.11;
				MTL_ENABLE_DEBUG_INFO = YES;
				ONLY_ACTIVE_ARCH = YES;
				SDKROOT = macosx;
			};
			name = Debug;
		};
		F072F0171D7ABC710070F668 /* Release */ = {
			isa = XCBuildConfiguration;
			buildSettings = {
				ALWAYS_SEARCH_USER_PATHS = NO;
				CLANG_ANALYZER_NONNULL = YES;
				CLANG_CXX_LANGUAGE_STANDARD = "gnu++0x";
				CLANG_CXX_LIBRARY = "libc++";
				CLANG_ENABLE_MODULES = YES;
				CLANG_ENABLE_OBJC_ARC = YES;
				CLANG_WARN_BOOL_CONVERSION = YES;
				CLANG_WARN_CONSTANT_CONVERSION = YES;
				CLANG_WARN_DIRECT_OBJC_ISA_USAGE = YES_ERROR;
				CLANG_WARN_EMPTY_BODY = YES;
				CLANG_WARN_ENUM_CONVERSION = YES;
				CLANG_WARN_INT_CONVERSION = YES;
				CLANG_WARN_OBJC_ROOT_CLASS = YES_ERROR;
				CLANG_WARN_UNREACHABLE_CODE = YES;
				CLANG_WARN__DUPLICATE_METHOD_MATCH = YES;
				CODE_SIGN_IDENTITY = "-";
				COPY_PHASE_STRIP = NO;
				DEBUG_INFORMATION_FORMAT = "dwarf-with-dsym";
				ENABLE_NS_ASSERTIONS = NO;
				ENABLE_STRICT_OBJC_MSGSEND = YES;
				GCC_C_LANGUAGE_STANDARD = gnu99;
				GCC_NO_COMMON_BLOCKS = YES;
				GCC_WARN_64_TO_32_BIT_CONVERSION = YES;
				GCC_WARN_ABOUT_RETURN_TYPE = YES_ERROR;
				GCC_WARN_UNDECLARED_SELECTOR = YES;
				GCC_WARN_UNINITIALIZED_AUTOS = YES_AGGRESSIVE;
				GCC_WARN_UNUSED_FUNCTION = YES;
				GCC_WARN_UNUSED_VARIABLE = YES;
				MACOSX_DEPLOYMENT_TARGET = 10.11;
				MTL_ENABLE_DEBUG_INFO = NO;
				SDKROOT = macosx;
			};
			name = Release;
		};
		F072F0191D7ABC710070F668 /* Debug */ = {
			isa = XCBuildConfiguration;
			buildSettings = {
				MACOSX_DEPLOYMENT_TARGET = 10.8;
				PRODUCT_NAME = "$(TARGET_NAME)";
			};
			name = Debug;
		};
		F072F01A1D7ABC710070F668 /* Release */ = {
			isa = XCBuildConfiguration;
			buildSettings = {
				MACOSX_DEPLOYMENT_TARGET = 10.8;
				PRODUCT_NAME = "$(TARGET_NAME)";
			};
			name = Release;
		};
/* End XCBuildConfiguration section */

/* Begin XCConfigurationList section */
		F072F00C1D7ABC710070F668 /* Build configuration list for PBXProject "OpenGLHomeWork2" */ = {
			isa = XCConfigurationList;
			buildConfigurations = (
				F072F0161D7ABC710070F668 /* Debug */,
				F072F0171D7ABC710070F668 /* Release */,
			);
			defaultConfigurationIsVisible = 0;
			defaultConfigurationName = Release;
		};
		F072F0181D7ABC710070F668 /* Build configuration list for PBXNativeTarget "OpenGLHomeWork2" */ = {
			isa = XCConfigurationList;
			buildConfigurations = (
				F072F0191D7ABC710070F668 /* Debug */,
				F072F01A1D7ABC710070F668 /* Release */,
			);
			defaultConfigurationIsVisible = 0;
		};
/* End XCConfigurationList section */
	};
	rootObject = F072F0091D7ABC710070F668 /* Project object */;
}
